
Microsoft Visual Studio Solution File, Format Version 12.00
# Visual Studio Version 17
VisualStudioVersion = 17.3.32825.248
MinimumVisualStudioVersion = 10.0.40219.1
Project("{9A19103F-16F7-4668-BE54-9A1E7A4F7556}") = "TerrariumApp", "TerrariumApp\TerrariumApp.csproj", "{69FE4C91-FDF4-40F8-A3E2-817280DEA078}"
EndProject
Project("{9A19103F-16F7-4668-BE54-9A1E7A4F7556}") = "Repository", "Repository\Repository.csproj", "{23BE5A2A-4FC0-4962-9D61-E4236AE6AE69}"
EndProject
Project("{9A19103F-16F7-4668-BE54-9A1E7A4F7556}") = "Common", "Common\Common.csproj", "{0E6432F7-83C4-42FA-92B2-497029B35340}"
EndProject
Project("{FAE04EC0-301F-11D3-BF4B-00C04F79EFBC}") = "IntegrationTests", "IntegrationTests\IntegrationTests.csproj", "{E3230E7D-3D84-4DE6-AB11-B00285EDD33F}"
EndProject
Global
	GlobalSection(SolutionConfigurationPlatforms) = preSolution
		Debug|Any CPU = Debug|Any CPU
		Release|Any CPU = Release|Any CPU
	EndGlobalSection
	GlobalSection(ProjectConfigurationPlatforms) = postSolution
		{69FE4C91-FDF4-40F8-A3E2-817280DEA078}.Debug|Any CPU.ActiveCfg = Debug|Any CPU
		{69FE4C91-FDF4-40F8-A3E2-817280DEA078}.Debug|Any CPU.Build.0 = Debug|Any CPU
		{69FE4C91-FDF4-40F8-A3E2-817280DEA078}.Release|Any CPU.ActiveCfg = Release|Any CPU
		{69FE4C91-FDF4-40F8-A3E2-817280DEA078}.Release|Any CPU.Build.0 = Release|Any CPU
		{23BE5A2A-4FC0-4962-9D61-E4236AE6AE69}.Debug|Any CPU.ActiveCfg = Debug|Any CPU
		{23BE5A2A-4FC0-4962-9D61-E4236AE6AE69}.Debug|Any CPU.Build.0 = Debug|Any CPU
		{23BE5A2A-4FC0-4962-9D61-E4236AE6AE69}.Release|Any CPU.ActiveCfg = Release|Any CPU
		{23BE5A2A-4FC0-4962-9D61-E4236AE6AE69}.Release|Any CPU.Build.0 = Release|Any CPU
		{0E6432F7-83C4-42FA-92B2-497029B35340}.Debug|Any CPU.ActiveCfg = Debug|Any CPU
		{0E6432F7-83C4-42FA-92B2-497029B35340}.Debug|Any CPU.Build.0 = Debug|Any CPU
		{0E6432F7-83C4-42FA-92B2-497029B35340}.Release|Any CPU.ActiveCfg = Release|Any CPU
		{0E6432F7-83C4-42FA-92B2-497029B35340}.Release|Any CPU.Build.0 = Release|Any CPU
		{E3230E7D-3D84-4DE6-AB11-B00285EDD33F}.Debug|Any CPU.ActiveCfg = Debug|Any CPU
		{E3230E7D-3D84-4DE6-AB11-B00285EDD33F}.Debug|Any CPU.Build.0 = Debug|Any CPU
		{E3230E7D-3D84-4DE6-AB11-B00285EDD33F}.Release|Any CPU.ActiveCfg = Release|Any CPU
		{E3230E7D-3D84-4DE6-AB11-B00285EDD33F}.Release|Any CPU.Build.0 = Release|Any CPU
	EndGlobalSection
	GlobalSection(SolutionProperties) = preSolution
		HideSolutionNode = FALSE
	EndGlobalSection
	GlobalSection(ExtensibilityGlobals) = postSolution
		SolutionGuid = {48C59597-0F49-448D-A973-EA320516691D}
	EndGlobalSection
EndGlobal
